{
  "R": {
    "Version": "4.5.0",
    "Repositories": [
      {
        "Name": "CRAN",
        "URL": "https://cloud.r-project.org"
      }
    ]
  },
  "Packages": {
    "ADGofTest": {
      "Package": "ADGofTest",
      "Version": "0.3",
      "Source": "Repository",
      "Requirements": []
    },
    "AUC": {
      "Package": "AUC",
      "Version": "0.3.2",
      "Source": "Repository",
      "Requirements": []
    },
    "DALEX": {
      "Package": "DALEX",
      "Version": "2.4.3",
      "Source": "Repository",
      "Requirements": [
        "ggplot2",
        "iBreakDown",
        "ingredients",
        "R"
      ]
    },
    "DEoptimR": {
      "Package": "DEoptimR",
      "Version": "1.1-3-1",
      "Source": "Repository",
      "Requirements": [
        "stats"
      ]
    },
    "Deriv": {
      "Package": "Deriv",
      "Version": "4.1.6",
      "Source": "Repository",
      "Requirements": [
        "methods"
      ]
    },
    "Formula": {
      "Package": "Formula",
      "Version": "1.2-5",
      "Source": "Repository",
      "Requirements": [
        "R",
        "stats"
      ]
    },
    "Gmedian": {
      "Package": "Gmedian",
      "Version": "1.2.7",
      "Source": "Repository",
      "Requirements": [
        "R",
        "Rcpp",
        "RcppArmadillo",
        "robustbase",
        "RSpectra"
      ]
    },
    "KernSmooth": {
      "Package": "KernSmooth",
      "Version": "2.23-26",
      "Source": "Repository",
      "Requirements": [
        "R",
        "stats"
      ]
    },
    "MASS": {
      "Package": "MASS",
      "Version": "7.3-65",
      "Source": "Repository",
      "Requirements": [
        "graphics",
        "grDevices",
        "methods",
        "R",
        "stats",
        "utils"
      ]
    },
    "Matrix": {
      "Package": "Matrix",
      "Version": "1.7-3",
      "Source": "Repository",
      "Requirements": [
        "graphics",
        "grDevices",
        "grid",
        "lattice",
        "methods",
        "R",
        "stats",
        "utils"
      ]
    },
    "R6": {
      "Package": "R6",
      "Version": "2.6.1",
      "Source": "Repository",
      "Requirements": [
        "R"
      ]
    },
    "RColorBrewer": {
      "Package": "RColorBrewer",
      "Version": "1.1-3",
      "Source": "Repository",
      "Requirements": [
        "R"
      ]
    },
    "ROCR": {
      "Package": "ROCR",
      "Version": "1.0-11",
      "Source": "Repository",
      "Requirements": [
        "gplots",
        "graphics",
        "grDevices",
        "methods",
        "R",
        "stats"
      ]
    },
    "RSpectra": {
      "Package": "RSpectra",
      "Version": "0.16-2",
      "Source": "Repository",
      "Requirements": [
        "Matrix",
        "R",
        "Rcpp",
        "RcppEigen"
      ]
    },
    "Rcpp": {
      "Package": "Rcpp",
      "Version": "1.0.14",
      "Source": "Repository",
      "Requirements": [
        "methods",
        "utils"
      ]
    },
    "RcppArmadillo": {
      "Package": "RcppArmadillo",
      "Version": "14.4.3-1",
      "Source": "Repository",
      "Requirements": [
        "methods",
        "R",
        "Rcpp",
        "stats",
        "utils"
      ]
    },
    "RcppEigen": {
      "Package": "RcppEigen",
      "Version": "0.3.4.0.2",
      "Source": "Repository",
      "Requirements": [
        "R",
        "Rcpp",
        "stats",
        "utils"
      ]
    },
    "Rtsne": {
      "Package": "Rtsne",
      "Version": "0.17",
      "Source": "Repository",
      "Requirements": [
        "Rcpp",
        "stats"
      ]
    },
    "VGAM": {
      "Package": "VGAM",
      "Version": "1.1-13",
      "Source": "Repository",
      "Requirements": [
        "methods",
        "R",
        "splines",
        "stats",
        "stats4"
      ]
    },
    "askpass": {
      "Package": "askpass",
      "Version": "1.2.1",
      "Source": "Repository",
      "Requirements": [
        "sys"
      ]
    },
    "backports": {
      "Package": "backports",
      "Version": "1.5.0",
      "Source": "Repository",
      "Requirements": [
        "R"
      ]
    },
    "base64enc": {
      "Package": "base64enc",
      "Version": "0.1-3",
      "Source": "Repository",
      "Requirements": [
        "R"
      ]
    },
    "bitops": {
      "Package": "bitops",
      "Version": "1.0-9",
      "Source": "Repository",
      "Requirements": []
    },
    "caTools": {
      "Package": "caTools",
      "Version": "1.18.3",
      "Source": "Repository",
      "Requirements": [
        "bitops",
        "R"
      ]
    },
    "callr": {
      "Package": "callr",
      "Version": "3.7.6",
      "Source": "Repository",
      "Requirements": [
        "processx",
        "R",
        "R6",
        "utils"
      ]
    },
    "checkmate": {
      "Package": "checkmate",
      "Version": "2.3.2",
      "Source": "Repository",
      "Requirements": [
        "backports",
        "R",
        "utils"
      ]
    },
    "class": {
      "Package": "class",
      "Version": "7.3-23",
      "Source": "Repository",
      "Requirements": [
        "MASS",
        "R",
        "stats",
        "utils"
      ]
    },
    "cli": {
      "Package": "cli",
      "Version": "3.6.5",
      "Source": "Repository",
      "Requirements": [
        "R",
        "utils"
      ]
    },
    "cluster": {
      "Package": "cluster",
      "Version": "2.1.8.1",
      "Source": "Repository",
      "Requirements": [
        "graphics",
        "grDevices",
        "R",
        "stats",
        "utils"
      ]
    },
    "coda": {
      "Package": "coda",
      "Version": "0.19-4.1",
      "Source": "Repository",
      "Requirements": [
        "lattice",
        "R"
      ]
    },
    "codetools": {
      "Package": "codetools",
      "Version": "0.2-20",
      "Source": "Repository",
      "Requirements": [
        "R"
      ]
    },
    "colorspace": {
      "Package": "colorspace",
      "Version": "2.1-1",
      "Source": "Repository",
      "Requirements": [
        "graphics",
        "grDevices",
        "methods",
        "R",
        "stats"
      ]
    },
    "copula": {
      "Package": "copula",
      "Version": "1.1-6",
      "Source": "Repository",
      "Requirements": [
        "ADGofTest",
        "colorspace",
        "graphics",
        "gsl",
        "lattice",
        "Matrix",
        "methods",
        "mvtnorm",
        "numDeriv",
        "pcaPP",
        "pspline",
        "R",
        "stabledist",
        "stats",
        "stats4"
      ]
    },
    "cpp11": {
      "Package": "cpp11",
      "Version": "0.5.2",
      "Source": "Repository",
      "Requirements": [
        "R"
      ]
    },
    "dbscan": {
      "Package": "dbscan",
      "Version": "1.2.2",
      "Source": "Repository",
      "Requirements": [
        "generics",
        "graphics",
        "R",
        "Rcpp",
        "stats"
      ]
    },
    "desc": {
      "Package": "desc",
      "Version": "1.4.3",
      "Source": "Repository",
      "Requirements": [
        "cli",
        "R",
        "R6",
        "utils"
      ]
    },
    "digest": {
      "Package": "digest",
      "Version": "0.6.37",
      "Source": "Repository",
      "Requirements": [
        "R",
        "utils"
      ]
    },
    "diptest": {
      "Package": "diptest",
      "Version": "0.77-1",
      "Source": "Repository",
      "Requirements": [
        "graphics",
        "stats"
      ]
    },
    "e1071": {
      "Package": "e1071",
      "Version": "1.7-16",
      "Source": "Repository",
      "Requirements": [
        "class",
        "graphics",
        "grDevices",
        "methods",
        "proxy",
        "stats",
        "utils"
      ]
    },
    "fansi": {
      "Package": "fansi",
      "Version": "1.0.6",
      "Source": "Repository",
      "Requirements": [
        "grDevices",
        "R",
        "utils"
      ]
    },
    "farver": {
      "Package": "farver",
      "Version": "2.1.2",
      "Source": "Repository",
      "Requirements": []
    },
    "fastmap": {
      "Package": "fastmap",
      "Version": "1.2.0",
      "Source": "Repository",
      "Requirements": []
    },
    "flexmix": {
      "Package": "flexmix",
      "Version": "2.3-20",
      "Source": "Repository",
      "Requirements": [
        "graphics",
        "grDevices",
        "grid",
        "lattice",
        "methods",
        "modeltools",
        "nnet",
        "R",
        "stats",
        "stats4",
        "utils"
      ]
    },
    "fontBitstreamVera": {
      "Package": "fontBitstreamVera",
      "Version": "0.1.1",
      "Source": "Repository",
      "Requirements": [
        "R"
      ]
    },
    "fontLiberation": {
      "Package": "fontLiberation",
      "Version": "0.1.0",
      "Source": "Repository",
      "Requirements": [
        "R"
      ]
    },
    "fontquiver": {
      "Package": "fontquiver",
      "Version": "0.2.1",
      "Source": "Repository",
      "Requirements": [
        "fontBitstreamVera",
        "fontLiberation",
        "R"
      ]
    },
    "foreach": {
      "Package": "foreach",
      "Version": "1.5.2",
      "Source": "Repository",
      "Requirements": [
        "codetools",
        "iterators",
        "R",
        "utils"
      ]
    },
    "fpc": {
      "Package": "fpc",
      "Version": "2.2-13",
      "Source": "Repository",
      "Requirements": [
        "class",
        "cluster",
        "diptest",
        "flexmix",
        "graphics",
        "grDevices",
        "kernlab",
        "MASS",
        "mclust",
        "methods",
        "parallel",
        "prabclus",
        "R",
        "robustbase",
        "stats",
        "utils"
      ]
    },
    "gbm": {
      "Package": "gbm",
      "Version": "2.2.2",
      "Source": "Repository",
      "Requirements": [
        "lattice",
        "parallel",
        "R",
        "survival"
      ]
    },
    "gdtools": {
      "Package": "gdtools",
      "Version": "0.4.2",
      "Source": "Repository",
      "Requirements": [
        "fontquiver",
        "htmltools",
        "R",
        "Rcpp",
        "systemfonts",
        "tools"
      ]
    },
    "generics": {
      "Package": "generics",
      "Version": "0.1.4",
      "Source": "Repository",
      "Requirements": [
        "methods",
        "R"
      ]
    },
    "ggdendro": {
      "Package": "ggdendro",
      "Version": "0.1.23",
      "Source": "GitHub",
      "Requirements": [
        "MASS",
        "ggplot2",
        "rpart",
        "tree",
        "testthat",
        "knitr",
        "cluster",
        "scales",
        "spelling",
        "rmarkdown",
        "covr"
      ],
      "RemoteType": "github",
      "RemoteHost": "api.github.com",
      "RemoteUsername": "RensDofferhoff",
      "RemoteRepo": "ggdendro",
      "RemoteSha": "39d8416afb9ee30306f34afb6c6ca0dddfa13aa0"
    },
    "ggnetwork": {
      "Package": "ggnetwork",
      "Version": "0.5.13",
      "Source": "Repository",
      "Requirements": [
        "ggplot2",
        "ggrepel",
        "igraph",
        "network",
        "R",
        "sna",
        "utils"
      ]
    },
    "ggparty": {
      "Package": "ggparty",
      "Version": "1.0.0",
      "Source": "Repository",
      "Requirements": [
        "checkmate",
        "ggplot2",
        "grid",
        "gtable",
        "methods",
        "partykit",
        "R",
        "rlang",
        "survival",
        "utils"
      ]
    },
    "ggplot2": {
      "Package": "ggplot2",
      "Version": "3.5.2",
      "Source": "Repository",
      "Requirements": [
        "cli",
        "glue",
        "grDevices",
        "grid",
        "gtable",
        "isoband",
        "lifecycle",
        "MASS",
        "mgcv",
        "R",
        "rlang",
        "scales",
        "stats",
        "tibble",
        "vctrs",
        "withr"
      ]
    },
    "ggrepel": {
      "Package": "ggrepel",
      "Version": "0.9.6",
      "Source": "Repository",
      "Requirements": [
        "ggplot2",
        "grid",
        "R",
        "Rcpp",
        "rlang",
        "scales",
        "withr"
      ]
    },
    "ggridges": {
      "Package": "ggridges",
      "Version": "0.5.6",
      "Source": "Repository",
      "Requirements": [
        "ggplot2",
        "grid",
        "R",
        "scales",
        "withr"
      ]
    },
    "glmnet": {
      "Package": "glmnet",
      "Version": "4.1-8",
      "Source": "Repository",
      "Requirements": [
        "foreach",
        "Matrix",
        "methods",
        "R",
        "Rcpp",
        "RcppEigen",
        "shape",
        "survival",
        "utils"
      ]
    },
    "glue": {
      "Package": "glue",
      "Version": "1.8.0",
      "Source": "Repository",
      "Requirements": [
        "methods",
        "R"
      ]
    },
    "gplots": {
      "Package": "gplots",
      "Version": "3.2.0",
      "Source": "Repository",
      "Requirements": [
        "caTools",
        "gtools",
        "KernSmooth",
        "methods",
        "R",
        "stats"
      ]
    },
    "gridExtra": {
      "Package": "gridExtra",
      "Version": "2.3",
      "Source": "Repository",
      "Requirements": [
        "graphics",
        "grDevices",
        "grid",
        "gtable",
        "utils"
      ]
    },
    "gridGraphics": {
      "Package": "gridGraphics",
      "Version": "0.5-1",
      "Source": "Repository",
      "Requirements": [
        "graphics",
        "grDevices",
        "grid"
      ]
    },
    "gsl": {
      "Package": "gsl",
      "Version": "2.1-8",
      "Source": "Repository",
      "Requirements": [
        "R"
      ]
    },
    "gtable": {
      "Package": "gtable",
      "Version": "0.3.6",
      "Source": "Repository",
      "Requirements": [
        "cli",
        "glue",
        "grid",
        "lifecycle",
        "R",
        "rlang",
        "stats"
      ]
    },
    "gtools": {
      "Package": "gtools",
      "Version": "3.9.5",
      "Source": "Repository",
      "Requirements": [
        "methods",
        "stats",
        "utils"
      ]
    },
    "htmltools": {
      "Package": "htmltools",
      "Version": "0.5.8.1",
      "Source": "Repository",
      "Requirements": [
        "base64enc",
        "digest",
        "fastmap",
        "grDevices",
        "R",
        "rlang",
        "utils"
      ]
    },
    "iBreakDown": {
      "Package": "iBreakDown",
      "Version": "2.1.2",
      "Source": "Repository",
      "Requirements": [
        "ggplot2",
        "R"
      ]
    },
    "igraph": {
      "Package": "igraph",
      "Version": "2.1.4",
      "Source": "Repository",
      "Requirements": [
        "cli",
        "cpp11",
        "graphics",
        "grDevices",
        "lifecycle",
        "magrittr",
        "Matrix",
        "methods",
        "pkgconfig",
        "R",
        "rlang",
        "stats",
        "utils",
        "vctrs"
      ]
    },
    "ingredients": {
      "Package": "ingredients",
      "Version": "2.3.0",
      "Source": "Repository",
      "Requirements": [
        "ggplot2",
        "gridExtra",
        "methods",
        "R",
        "scales"
      ]
    },
    "inum": {
      "Package": "inum",
      "Version": "1.0-5",
      "Source": "Repository",
      "Requirements": [
        "libcoin",
        "R",
        "stats"
      ]
    },
    "isoband": {
      "Package": "isoband",
      "Version": "0.2.7",
      "Source": "Repository",
      "Requirements": [
        "grid",
        "utils"
      ]
    },
    "iterators": {
      "Package": "iterators",
      "Version": "1.0.14",
      "Source": "Repository",
      "Requirements": [
        "R",
        "utils"
      ]
    },
    "jaspBase": {
      "Package": "jaspBase",
      "Version": "0.20.0",
      "Source": "GitHub",
      "Requirements": [
        "cli",
        "codetools",
        "ggplot2",
        "gridExtra",
        "gridGraphics",
        "jaspGraphs",
        "jsonlite",
        "lifecycle",
        "officer",
        "pkgbuild",
        "plyr",
        "ragg",
        "R6",
        "Rcpp",
        "rvg",
        "svglite",
        "systemfonts",
        "withr",
        "testthat"
      ],
      "RemoteType": "github",
      "RemoteHost": "api.github.com",
      "RemoteUsername": "jasp-stats",
      "RemoteRepo": "jaspBase",
      "RemoteSha": "9dd637722c25bf0ea035ccaabf58ef9faf36b852"
    },
    "jaspGraphs": {
      "Package": "jaspGraphs",
      "Version": "0.20.0",
      "Source": "GitHub",
      "Requirements": [
        "testthat",
        "ggplot2",
        "gridExtra",
        "gtable",
        "lifecycle",
        "jsonlite",
        "R6",
        "RColorBrewer",
        "rlang",
        "scales",
        "viridisLite"
      ],
      "RemoteType": "github",
      "RemoteHost": "api.github.com",
      "RemoteUsername": "jasp-stats",
      "RemoteRepo": "jaspGraphs",
      "RemoteSha": "e9e962c1e3c95e09f984b52708d39e49599e394e"
    },
    "jsonlite": {
      "Package": "jsonlite",
      "Version": "2.0.0",
      "Source": "Repository",
      "Requirements": [
        "methods"
      ]
    },
    "kernlab": {
      "Package": "kernlab",
      "Version": "0.9-33",
      "Source": "Repository",
      "Requirements": [
        "graphics",
        "grDevices",
        "methods",
        "R",
        "stats"
      ]
    },
    "kknn": {
      "Package": "kknn",
      "Version": "1.3.2.1",
      "Source": "GitHub",
      "Requirements": [
        "R",
        "igraph",
        "Matrix",
        "tinytest"
      ],
      "RemoteType": "github",
      "RemoteHost": "api.github.com",
      "RemoteUsername": "vandenman",
      "RemoteRepo": "kknn",
      "RemoteSha": "b2e9fa193fb22af90be0717d1bc869fc04099ce5"
    },
    "labeling": {
      "Package": "labeling",
      "Version": "0.4.3",
      "Source": "Repository",
      "Requirements": [
        "graphics",
        "stats"
      ]
    },
    "lattice": {
      "Package": "lattice",
      "Version": "0.22-7",
      "Source": "Repository",
      "Requirements": [
        "graphics",
        "grDevices",
        "grid",
        "R",
        "stats",
        "utils"
      ]
    },
    "libcoin": {
      "Package": "libcoin",
      "Version": "1.0-10",
      "Source": "Repository",
      "Requirements": [
        "mvtnorm",
        "R",
        "stats"
      ]
    },
    "lifecycle": {
      "Package": "lifecycle",
      "Version": "1.0.4",
      "Source": "Repository",
      "Requirements": [
        "cli",
        "glue",
        "R",
        "rlang"
      ]
    },
    "magrittr": {
      "Package": "magrittr",
      "Version": "2.0.3",
      "Source": "Repository",
      "Requirements": [
        "R"
      ]
    },
    "mclust": {
      "Package": "mclust",
      "Version": "6.1.1",
      "Source": "Repository",
      "Requirements": [
        "graphics",
        "grDevices",
        "R",
        "stats",
        "utils"
      ]
    },
    "mgcv": {
      "Package": "mgcv",
      "Version": "1.9-3",
      "Source": "Repository",
      "Requirements": [
        "graphics",
        "Matrix",
        "methods",
        "nlme",
        "R",
        "splines",
        "stats",
        "utils"
      ]
    },
    "modeltools": {
      "Package": "modeltools",
      "Version": "0.2-24",
      "Source": "Repository",
      "Requirements": [
        "methods",
        "stats",
        "stats4"
      ]
    },
    "moments": {
      "Package": "moments",
      "Version": "0.14.1",
      "Source": "Repository",
      "Requirements": []
    },
    "mvnormalTest": {
      "Package": "mvnormalTest",
      "Version": "1.0.0",
      "Source": "Repository",
      "Requirements": [
        "copula",
        "moments",
        "nortest",
        "R",
        "stats"
      ]
    },
    "mvtnorm": {
      "Package": "mvtnorm",
      "Version": "1.3-3",
      "Source": "Repository",
      "Requirements": [
        "R",
        "stats"
      ]
    },
    "network": {
      "Package": "network",
      "Version": "1.19.0",
      "Source": "Repository",
      "Requirements": [
        "magrittr",
        "R",
        "statnet.common",
        "stats",
        "tibble",
        "utils"
      ]
    },
    "neuralnet": {
      "Package": "neuralnet",
      "Version": "1.44.2",
      "Source": "Repository",
      "Requirements": [
        "Deriv",
        "grDevices",
        "grid",
        "MASS",
        "R",
        "stats",
        "utils"
      ]
    },
    "nlme": {
      "Package": "nlme",
      "Version": "3.1-168",
      "Source": "Repository",
      "Requirements": [
        "graphics",
        "lattice",
        "R",
        "stats",
        "utils"
      ]
    },
    "nnet": {
      "Package": "nnet",
      "Version": "7.3-20",
      "Source": "Repository",
      "Requirements": [
        "R",
        "stats",
        "utils"
      ]
    },
    "nortest": {
      "Package": "nortest",
      "Version": "1.0-4",
      "Source": "Repository",
      "Requirements": [
        "stats"
      ]
    },
    "numDeriv": {
      "Package": "numDeriv",
      "Version": "2016.8-1.1",
      "Source": "Repository",
      "Requirements": [
        "R"
      ]
    },
    "officer": {
      "Package": "officer",
      "Version": "0.6.9",
      "Source": "Repository",
      "Requirements": [
        "cli",
        "graphics",
        "grDevices",
        "openssl",
        "R6",
        "ragg",
        "stats",
        "utils",
        "uuid",
        "xml2",
        "zip"
      ]
    },
    "openssl": {
      "Package": "openssl",
      "Version": "2.3.3",
      "Source": "Repository",
      "Requirements": [
        "askpass"
      ]
    },
    "partykit": {
      "Package": "partykit",
      "Version": "1.2-24",
      "Source": "Repository",
      "Requirements": [
        "Formula",
        "graphics",
        "grDevices",
        "grid",
        "inum",
        "libcoin",
        "mvtnorm",
        "R",
        "rpart",
        "stats",
        "survival",
        "utils"
      ]
    },
    "pcaPP": {
      "Package": "pcaPP",
      "Version": "2.0-5",
      "Source": "Repository",
      "Requirements": [
        "methods",
        "mvtnorm",
        "R"
      ]
    },
    "pillar": {
      "Package": "pillar",
      "Version": "1.10.2",
      "Source": "Repository",
      "Requirements": [
        "cli",
        "glue",
        "lifecycle",
        "rlang",
        "utf8",
        "utils",
        "vctrs"
      ]
    },
    "pkgbuild": {
      "Package": "pkgbuild",
      "Version": "1.4.8",
      "Source": "Repository",
      "Requirements": [
        "callr",
        "cli",
        "desc",
        "processx",
        "R",
        "R6"
      ]
    },
    "pkgconfig": {
      "Package": "pkgconfig",
      "Version": "2.0.3",
      "Source": "Repository",
      "Requirements": [
        "utils"
      ]
    },
    "plyr": {
      "Package": "plyr",
      "Version": "1.8.9",
      "Source": "Repository",
      "Requirements": [
        "R",
        "Rcpp"
      ]
    },
    "prabclus": {
      "Package": "prabclus",
      "Version": "2.3-4",
      "Source": "Repository",
      "Requirements": [
        "MASS",
        "mclust",
        "R"
      ]
    },
    "processx": {
      "Package": "processx",
      "Version": "3.8.6",
      "Source": "Repository",
      "Requirements": [
        "ps",
        "R",
        "R6",
        "utils"
      ]
    },
    "proxy": {
      "Package": "proxy",
      "Version": "0.4-27",
      "Source": "Repository",
      "Requirements": [
        "R",
        "stats",
        "utils"
      ]
    },
    "ps": {
      "Package": "ps",
      "Version": "1.9.1",
      "Source": "Repository",
      "Requirements": [
        "R",
        "utils"
      ]
    },
    "pspline": {
      "Package": "pspline",
      "Version": "1.0-21",
      "Source": "Repository",
      "Requirements": [
        "graphics",
        "R",
        "stats"
      ]
    },
    "ragg": {
      "Package": "ragg",
      "Version": "1.4.0",
      "Source": "Repository",
      "Requirements": [
        "systemfonts",
        "textshaping"
      ]
    },
    "randomForest": {
      "Package": "randomForest",
      "Version": "4.7-1.2",
      "Source": "Repository",
      "Requirements": [
        "R",
        "stats"
      ]
    },
    "rlang": {
      "Package": "rlang",
      "Version": "1.1.6",
      "Source": "Repository",
      "Requirements": [
        "R",
        "utils"
      ]
    },
    "robustbase": {
      "Package": "robustbase",
      "Version": "0.99-4-1",
      "Source": "Repository",
      "Requirements": [
        "DEoptimR",
        "graphics",
        "methods",
        "R",
        "stats",
        "utils"
      ]
    },
    "rpart": {
      "Package": "rpart",
      "Version": "4.1.24",
      "Source": "Repository",
      "Requirements": [
        "graphics",
        "grDevices",
        "R",
        "stats"
      ]
    },
    "rvg": {
      "Package": "rvg",
      "Version": "0.3.5",
      "Source": "Repository",
      "Requirements": [
        "gdtools",
        "grDevices",
        "officer",
        "R",
        "Rcpp",
        "rlang",
        "xml2"
      ]
    },
    "scales": {
      "Package": "scales",
      "Version": "1.4.0",
      "Source": "Repository",
      "Requirements": [
        "cli",
        "farver",
        "glue",
        "labeling",
        "lifecycle",
        "R",
        "R6",
        "RColorBrewer",
        "rlang",
        "viridisLite"
      ]
    },
    "shape": {
      "Package": "shape",
      "Version": "1.4.6.1",
      "Source": "Repository",
      "Requirements": [
        "graphics",
        "grDevices",
        "R",
        "stats"
      ]
    },
    "signal": {
      "Package": "signal",
      "Version": "1.8-1",
      "Source": "Repository",
      "Requirements": [
        "graphics",
        "grDevices",
        "MASS",
        "R",
        "stats",
        "utils"
      ]
    },
    "sna": {
      "Package": "sna",
      "Version": "2.8",
      "Source": "Repository",
      "Requirements": [
        "network",
        "R",
        "statnet.common",
        "utils"
      ]
    },
    "stabledist": {
      "Package": "stabledist",
      "Version": "0.7-2",
      "Source": "Repository",
      "Requirements": [
        "R",
        "stats"
      ]
    },
    "statnet.common": {
      "Package": "statnet.common",
      "Version": "4.11.0",
      "Source": "Repository",
      "Requirements": [
        "coda",
        "Matrix",
        "methods",
        "parallel",
        "R",
        "tools",
        "utils"
      ]
    },
    "stringi": {
      "Package": "stringi",
      "Version": "1.8.7",
      "Source": "Repository",
      "Requirements": [
        "R",
        "stats",
        "tools",
        "utils"
      ]
    },
    "survival": {
      "Package": "survival",
      "Version": "3.8-3",
      "Source": "Repository",
      "Requirements": [
        "graphics",
        "Matrix",
        "methods",
        "R",
        "splines",
        "stats",
        "utils"
      ]
    },
    "svglite": {
      "Package": "svglite",
      "Version": "2.2.1",
      "Source": "Repository",
      "Requirements": [
        "base64enc",
        "cli",
        "cpp11",
        "lifecycle",
        "R",
        "rlang",
        "systemfonts",
        "textshaping"
      ]
    },
    "sys": {
      "Package": "sys",
      "Version": "3.4.3",
      "Source": "Repository",
      "Requirements": []
    },
    "systemfonts": {
      "Package": "systemfonts",
      "Version": "1.2.3",
      "Source": "Repository",
      "Requirements": [
        "base64enc",
        "cpp11",
        "grid",
        "jsonlite",
        "lifecycle",
        "R",
        "tools",
        "utils"
      ]
    },
    "textshaping": {
      "Package": "textshaping",
      "Version": "1.0.1",
      "Source": "Repository",
      "Requirements": [
        "cpp11",
        "lifecycle",
        "R",
        "stats",
        "stringi",
        "systemfonts",
        "utils"
      ]
    },
    "tibble": {
      "Package": "tibble",
      "Version": "3.2.1",
      "Source": "Repository",
      "Requirements": [
        "fansi",
        "lifecycle",
        "magrittr",
        "methods",
        "pillar",
        "pkgconfig",
        "R",
        "rlang",
        "utils",
        "vctrs"
      ]
    },
    "utf8": {
      "Package": "utf8",
      "Version": "1.2.5",
      "Source": "Repository",
      "Requirements": [
        "R"
      ]
    },
    "uuid": {
      "Package": "uuid",
      "Version": "1.2-1",
      "Source": "Repository",
      "Requirements": [
        "R"
      ]
    },
    "vctrs": {
      "Package": "vctrs",
      "Version": "0.6.5",
      "Source": "Repository",
      "Requirements": [
        "cli",
        "glue",
        "lifecycle",
        "R",
        "rlang"
      ]
    },
    "viridisLite": {
      "Package": "viridisLite",
      "Version": "0.4.2",
      "Source": "Repository",
      "Requirements": [
        "R"
      ]
    },
    "withr": {
      "Package": "withr",
      "Version": "3.0.2",
      "Source": "Repository",
      "Requirements": [
        "graphics",
        "grDevices",
        "R"
      ]
    },
    "xml2": {
      "Package": "xml2",
      "Version": "1.3.8",
      "Source": "Repository",
      "Requirements": [
        "cli",
        "methods",
        "R",
        "rlang"
      ]
    },
    "zip": {
      "Package": "zip",
      "Version": "2.3.3",
      "Source": "Repository",
      "Requirements": []
    }
  }
}
